
Microsoft Visual Studio Solution File, Format Version 12.00
# Visual Studio Version 16
VisualStudioVersion = 16.0.810.22
MinimumVisualStudioVersion = 10.0.40219.1
Project("{FAE04EC0-301F-11D3-BF4B-00C04F79EFBC}") = "AnimeAPI", "AnimeAPI\AnimeAPI.csproj", "{FE33911E-9BD3-4CD0-90AE-29F5A3581298}"
EndProject
Global
	GlobalSection(SolutionConfigurationPlatforms) = preSolution
		Debug|Any CPU = Debug|Any CPU
		Release|Any CPU = Release|Any CPU
	EndGlobalSection
	GlobalSection(ProjectConfigurationPlatforms) = postSolution
		{FE33911E-9BD3-4CD0-90AE-29F5A3581298}.Debug|Any CPU.ActiveCfg = Debug|Any CPU
		{FE33911E-9BD3-4CD0-90AE-29F5A3581298}.Debug|Any CPU.Build.0 = Debug|Any CPU
		{FE33911E-9BD3-4CD0-90AE-29F5A3581298}.Release|Any CPU.ActiveCfg = Release|Any CPU
		{FE33911E-9BD3-4CD0-90AE-29F5A3581298}.Release|Any CPU.Build.0 = Release|Any CPU
	EndGlobalSection
	GlobalSection(SolutionProperties) = preSolution
		HideSolutionNode = FALSE
	EndGlobalSection
	GlobalSection(ExtensibilityGlobals) = postSolution
		SolutionGuid = {C2FC19B3-CBF0-4E9B-9AE1-036588CC36EB}
	EndGlobalSection
EndGlobal
